
Microsoft Visual Studio Solution File, Format Version 12.00
# Visual Studio 15
VisualStudioVersion = 15.0.28307.438
MinimumVisualStudioVersion = 10.0.40219.1
Project("{8BC9CEB8-8B4A-11D0-8D11-00A0C91BC942}") = "Iluminação", "Iluminação\Iluminação.vcxproj", "{82685C4C-FFBD-440F-8733-1322B4625BAB}"
EndProject
Global
	GlobalSection(SolutionConfigurationPlatforms) = preSolution
		Debug|x64 = Debug|x64
		Debug|x86 = Debug|x86
		Release|x64 = Release|x64
		Release|x86 = Release|x86
	EndGlobalSection
	GlobalSection(ProjectConfigurationPlatforms) = postSolution
		{82685C4C-FFBD-440F-8733-1322B4625BAB}.Debug|x64.ActiveCfg = Debug|x64
		{82685C4C-FFBD-440F-8733-1322B4625BAB}.Debug|x64.Build.0 = Debug|x64
		{82685C4C-FFBD-440F-8733-1322B4625BAB}.Debug|x86.ActiveCfg = Debug|Win32
		{82685C4C-FFBD-440F-8733-1322B4625BAB}.Debug|x86.Build.0 = Debug|Win32
		{82685C4C-FFBD-440F-8733-1322B4625BAB}.Release|x64.ActiveCfg = Release|x64
		{82685C4C-FFBD-440F-8733-1322B4625BAB}.Release|x64.Build.0 = Release|x64
		{82685C4C-FFBD-440F-8733-1322B4625BAB}.Release|x86.ActiveCfg = Release|Win32
		{82685C4C-FFBD-440F-8733-1322B4625BAB}.Release|x86.Build.0 = Release|Win32
	EndGlobalSection
	GlobalSection(SolutionProperties) = preSolution
		HideSolutionNode = FALSE
	EndGlobalSection
	GlobalSection(ExtensibilityGlobals) = postSolution
		SolutionGuid = {38FCC9E3-0C94-490C-9F72-8E09ACA4731F}
	EndGlobalSection
EndGlobal
